
Microsoft Visual Studio Solution File, Format Version 12.00
# Visual Studio Version 16
VisualStudioVersion = 16.0.29613.14
MinimumVisualStudioVersion = 10.0.40219.1
Project("{9A19103F-16F7-4668-BE54-9A1E7A4F7556}") = "SchedulerTask", "SchedulerTask.csproj", "{44B95C47-08E6-453A-BFCE-75D2A8A52923}"
EndProject
Global
	GlobalSection(SolutionConfigurationPlatforms) = preSolution
		Debug|Any CPU = Debug|Any CPU
		Release|Any CPU = Release|Any CPU
	EndGlobalSection
	GlobalSection(ProjectConfigurationPlatforms) = postSolution
		{44B95C47-08E6-453A-BFCE-75D2A8A52923}.Debug|Any CPU.ActiveCfg = Debug|Any CPU
		{44B95C47-08E6-453A-BFCE-75D2A8A52923}.Debug|Any CPU.Build.0 = Debug|Any CPU
		{44B95C47-08E6-453A-BFCE-75D2A8A52923}.Release|Any CPU.ActiveCfg = Release|Any CPU
		{44B95C47-08E6-453A-BFCE-75D2A8A52923}.Release|Any CPU.Build.0 = Release|Any CPU
	EndGlobalSection
	GlobalSection(SolutionProperties) = preSolution
		HideSolutionNode = FALSE
	EndGlobalSection
	GlobalSection(ExtensibilityGlobals) = postSolution
		SolutionGuid = {44C5BD29-DCF8-4605-BCB9-B9DC1F5FE7F6}
	EndGlobalSection
EndGlobal
